Microsoft Visual Studio Solution File, Format Version 11.00
# Visual Studio 2008

Project("{5BE671B8-2FDB-1D10-F77B-7D2220638B75}") = "02823 - Computerspils prototyper", "Assembly-CSharp.csproj", "{6A12BEAC-9ECD-1209-85F5-F9B7A915B563}"
EndProject
Global
	GlobalSection(SolutionConfigurationPlatforms) = preSolution
		Debug|Any CPU = Debug|Any CPU
		Release|Any CPU = Release|Any CPU
	EndGlobalSection
	GlobalSection(ProjectConfigurationPlatforms) = postSolution
		{6A12BEAC-9ECD-1209-85F5-F9B7A915B563}.Debug|Any CPU.ActiveCfg = Debug|Any CPU
		{6A12BEAC-9ECD-1209-85F5-F9B7A915B563}.Debug|Any CPU.Build.0 = Debug|Any CPU
		{6A12BEAC-9ECD-1209-85F5-F9B7A915B563}.Release|Any CPU.ActiveCfg = Release|Any CPU
		{6A12BEAC-9ECD-1209-85F5-F9B7A915B563}.Release|Any CPU.Build.0 = Release|Any CPU
	EndGlobalSection
	GlobalSection(SolutionProperties) = preSolution
		HideSolutionNode = FALSE
	EndGlobalSection
	GlobalSection(MonoDevelopProperties) = preSolution
		StartupItem = Assembly-CSharp.csproj
	EndGlobalSection
EndGlobal
