
Microsoft Visual Studio Solution File, Format Version 12.00
# Visual Studio 2015
Project("{FAE04EC0-301F-11D3-BF4B-00C04F79EFBC}") = "Aero-Lords.CSharp", "Aero-Lords.CSharp.csproj", "{9BC0F372-4625-7C8D-D329-6A448CEDA34E}"
EndProject
Global
	GlobalSection(SolutionConfigurationPlatforms) = preSolution
		Debug|Any CPU = Debug|Any CPU
		Release|Any CPU = Release|Any CPU
	EndGlobalSection
	GlobalSection(ProjectConfigurationPlatforms) = postSolution
		{9BC0F372-4625-7C8D-D329-6A448CEDA34E}.Debug|Any CPU.ActiveCfg = Debug|Any CPU
		{9BC0F372-4625-7C8D-D329-6A448CEDA34E}.Debug|Any CPU.Build.0 = Debug|Any CPU
		{9BC0F372-4625-7C8D-D329-6A448CEDA34E}.Release|Any CPU.ActiveCfg = Release|Any CPU
		{9BC0F372-4625-7C8D-D329-6A448CEDA34E}.Release|Any CPU.Build.0 = Release|Any CPU
	EndGlobalSection
	GlobalSection(SolutionProperties) = preSolution
		HideSolutionNode = FALSE
	EndGlobalSection
EndGlobal
